// !$*UTF8*$!
{
	archiveVersion = 1;
	classes = {
	};
	objectVersion = 56;
	objects = {

/* Begin PBXBuildFile section */
		C456700A29CB6E5F00B49DF8 /* AppDelegate.swift in Sources */ = {isa = PBXBuildFile; fileRef = C456700929CB6E5F00B49DF8 /* AppDelegate.swift */; };
		C456700C29CB6E5F00B49DF8 /* SceneDelegate.swift in Sources */ = {isa = PBXBuildFile; fileRef = C456700B29CB6E5F00B49DF8 /* SceneDelegate.swift */; };
		C456701329CB6E6000B49DF8 /* Assets.xcassets in Resources */ = {isa = PBXBuildFile; fileRef = C456701229CB6E6000B49DF8 /* Assets.xcassets */; };
		C456701629CB6E6000B49DF8 /* LaunchScreen.storyboard in Resources */ = {isa = PBXBuildFile; fileRef = C456701429CB6E6000B49DF8 /* LaunchScreen.storyboard */; };
		C456701E29CB6ECC00B49DF8 /* config.plist in Resources */ = {isa = PBXBuildFile; fileRef = C456701D29CB6ECC00B49DF8 /* config.plist */; };
		C456702B29CB6EE200B49DF8 /* ListOfMovieViewModel.swift in Sources */ = {isa = PBXBuildFile; fileRef = C456702129CB6EE200B49DF8 /* ListOfMovieViewModel.swift */; };
		C456702C29CB6EE200B49DF8 /* ListOfMovieView.swift in Sources */ = {isa = PBXBuildFile; fileRef = C456702229CB6EE200B49DF8 /* ListOfMovieView.swift */; };
		C456702D29CB6EE200B49DF8 /* MovieCellView.swift in Sources */ = {isa = PBXBuildFile; fileRef = C456702329CB6EE200B49DF8 /* MovieCellView.swift */; };
		C456702E29CB6EE200B49DF8 /* ListOfMovieViewModelMapper.swift in Sources */ = {isa = PBXBuildFile; fileRef = C456702429CB6EE200B49DF8 /* ListOfMovieViewModelMapper.swift */; };
		C456702F29CB6EE200B49DF8 /* ListOfMovieRouter.swift in Sources */ = {isa = PBXBuildFile; fileRef = C456702529CB6EE200B49DF8 /* ListOfMovieRouter.swift */; };
		C456703029CB6EE200B49DF8 /* ListOfMovieInteractor.swift in Sources */ = {isa = PBXBuildFile; fileRef = C456702629CB6EE200B49DF8 /* ListOfMovieInteractor.swift */; };
		C456703129CB6EE200B49DF8 /* PopularMovieEntity.swift in Sources */ = {isa = PBXBuildFile; fileRef = C456702829CB6EE200B49DF8 /* PopularMovieEntity.swift */; };
		C456703229CB6EE200B49DF8 /* PopularMovieResponseEntity.swift in Sources */ = {isa = PBXBuildFile; fileRef = C456702929CB6EE200B49DF8 /* PopularMovieResponseEntity.swift */; };
		C456703329CB6EE200B49DF8 /* ListOfMoviePresenter.swift in Sources */ = {isa = PBXBuildFile; fileRef = C456702A29CB6EE200B49DF8 /* ListOfMoviePresenter.swift */; };
		C456703629CB6F2500B49DF8 /* Kingfisher in Frameworks */ = {isa = PBXBuildFile; productRef = C456703529CB6F2500B49DF8 /* Kingfisher */; };
		C456703829CB700E00B49DF8 /* .gitignore in Resources */ = {isa = PBXBuildFile; fileRef = C456703729CB700E00B49DF8 /* .gitignore */; };
/* End PBXBuildFile section */

/* Begin PBXFileReference section */
		C456700629CB6E5F00B49DF8 /* Movies Viper.app */ = {isa = PBXFileReference; explicitFileType = wrapper.application; includeInIndex = 0; path = "Movies Viper.app"; sourceTree = BUILT_PRODUCTS_DIR; };
		C456700929CB6E5F00B49DF8 /* AppDelegate.swift */ = {isa = PBXFileReference; lastKnownFileType = sourcecode.swift; path = AppDelegate.swift; sourceTree = "<group>"; };
		C456700B29CB6E5F00B49DF8 /* SceneDelegate.swift */ = {isa = PBXFileReference; lastKnownFileType = sourcecode.swift; path = SceneDelegate.swift; sourceTree = "<group>"; };
		C456701229CB6E6000B49DF8 /* Assets.xcassets */ = {isa = PBXFileReference; lastKnownFileType = folder.assetcatalog; path = Assets.xcassets; sourceTree = "<group>"; };
		C456701529CB6E6000B49DF8 /* Base */ = {isa = PBXFileReference; lastKnownFileType = file.storyboard; name = Base; path = Base.lproj/LaunchScreen.storyboard; sourceTree = "<group>"; };
		C456701729CB6E6000B49DF8 /* Info.plist */ = {isa = PBXFileReference; lastKnownFileType = text.plist.xml; path = Info.plist; sourceTree = "<group>"; };
		C456701D29CB6ECC00B49DF8 /* config.plist */ = {isa = PBXFileReference; fileEncoding = 4; lastKnownFileType = text.plist.xml; path = config.plist; sourceTree = "<group>"; };
		C456702129CB6EE200B49DF8 /* ListOfMovieViewModel.swift */ = {isa = PBXFileReference; fileEncoding = 4; lastKnownFileType = sourcecode.swift; path = ListOfMovieViewModel.swift; sourceTree = "<group>"; };
		C456702229CB6EE200B49DF8 /* ListOfMovieView.swift */ = {isa = PBXFileReference; fileEncoding = 4; lastKnownFileType = sourcecode.swift; path = ListOfMovieView.swift; sourceTree = "<group>"; };
		C456702329CB6EE200B49DF8 /* MovieCellView.swift */ = {isa = PBXFileReference; fileEncoding = 4; lastKnownFileType = sourcecode.swift; path = MovieCellView.swift; sourceTree = "<group>"; };
		C456702429CB6EE200B49DF8 /* ListOfMovieViewModelMapper.swift */ = {isa = PBXFileReference; fileEncoding = 4; lastKnownFileType = sourcecode.swift; path = ListOfMovieViewModelMapper.swift; sourceTree = "<group>"; };
		C456702529CB6EE200B49DF8 /* ListOfMovieRouter.swift */ = {isa = PBXFileReference; fileEncoding = 4; lastKnownFileType = sourcecode.swift; path = ListOfMovieRouter.swift; sourceTree = "<group>"; };
		C456702629CB6EE200B49DF8 /* ListOfMovieInteractor.swift */ = {isa = PBXFileReference; fileEncoding = 4; lastKnownFileType = sourcecode.swift; path = ListOfMovieInteractor.swift; sourceTree = "<group>"; };
		C456702829CB6EE200B49DF8 /* PopularMovieEntity.swift */ = {isa = PBXFileReference; fileEncoding = 4; lastKnownFileType = sourcecode.swift; path = PopularMovieEntity.swift; sourceTree = "<group>"; };
		C456702929CB6EE200B49DF8 /* PopularMovieResponseEntity.swift */ = {isa = PBXFileReference; fileEncoding = 4; lastKnownFileType = sourcecode.swift; path = PopularMovieResponseEntity.swift; sourceTree = "<group>"; };
		C456702A29CB6EE200B49DF8 /* ListOfMoviePresenter.swift */ = {isa = PBXFileReference; fileEncoding = 4; lastKnownFileType = sourcecode.swift; path = ListOfMoviePresenter.swift; sourceTree = "<group>"; };
		C456703729CB700E00B49DF8 /* .gitignore */ = {isa = PBXFileReference; lastKnownFileType = text; path = .gitignore; sourceTree = "<group>"; };
/* End PBXFileReference section */

/* Begin PBXFrameworksBuildPhase section */
		C456700329CB6E5F00B49DF8 /* Frameworks */ = {
			isa = PBXFrameworksBuildPhase;
			buildActionMask = 2147483647;
			files = (
				C456703629CB6F2500B49DF8 /* Kingfisher in Frameworks */,
			);
			runOnlyForDeploymentPostprocessing = 0;
		};
/* End PBXFrameworksBuildPhase section */

/* Begin PBXGroup section */
		C4566FFD29CB6E5F00B49DF8 = {
			isa = PBXGroup;
			children = (
				C456703729CB700E00B49DF8 /* .gitignore */,
				C456700829CB6E5F00B49DF8 /* Movies Viper */,
				C456700729CB6E5F00B49DF8 /* Products */,
			);
			sourceTree = "<group>";
		};
		C456700729CB6E5F00B49DF8 /* Products */ = {
			isa = PBXGroup;
			children = (
				C456700629CB6E5F00B49DF8 /* Movies Viper.app */,
			);
			name = Products;
			sourceTree = "<group>";
		};
		C456700829CB6E5F00B49DF8 /* Movies Viper */ = {
			isa = PBXGroup;
			children = (
				C456701D29CB6ECC00B49DF8 /* config.plist */,
				C456701F29CB6EE200B49DF8 /* listOfMovie */,
				C456700929CB6E5F00B49DF8 /* AppDelegate.swift */,
				C456700B29CB6E5F00B49DF8 /* SceneDelegate.swift */,
				C456701229CB6E6000B49DF8 /* Assets.xcassets */,
				C456701429CB6E6000B49DF8 /* LaunchScreen.storyboard */,
				C456701729CB6E6000B49DF8 /* Info.plist */,
			);
			path = "Movies Viper";
			sourceTree = "<group>";
		};
		C456701F29CB6EE200B49DF8 /* listOfMovie */ = {
			isa = PBXGroup;
			children = (
				C456702029CB6EE200B49DF8 /* ViewModel */,
				C456702229CB6EE200B49DF8 /* ListOfMovieView.swift */,
				C456702329CB6EE200B49DF8 /* MovieCellView.swift */,
				C456702429CB6EE200B49DF8 /* ListOfMovieViewModelMapper.swift */,
				C456702529CB6EE200B49DF8 /* ListOfMovieRouter.swift */,
				C456702629CB6EE200B49DF8 /* ListOfMovieInteractor.swift */,
				C456702729CB6EE200B49DF8 /* Entities */,
				C456702A29CB6EE200B49DF8 /* ListOfMoviePresenter.swift */,
			);
			path = listOfMovie;
			sourceTree = "<group>";
		};
		C456702029CB6EE200B49DF8 /* ViewModel */ = {
			isa = PBXGroup;
			children = (
				C456702129CB6EE200B49DF8 /* ListOfMovieViewModel.swift */,
			);
			path = ViewModel;
			sourceTree = "<group>";
		};
		C456702729CB6EE200B49DF8 /* Entities */ = {
			isa = PBXGroup;
			children = (
				C456702829CB6EE200B49DF8 /* PopularMovieEntity.swift */,
				C456702929CB6EE200B49DF8 /* PopularMovieResponseEntity.swift */,
			);
			path = Entities;
			sourceTree = "<group>";
		};
/* End PBXGroup section */

/* Begin PBXNativeTarget section */
		C456700529CB6E5F00B49DF8 /* Movies Viper */ = {
			isa = PBXNativeTarget;
			buildConfigurationList = C456701A29CB6E6000B49DF8 /* Build configuration list for PBXNativeTarget "Movies Viper" */;
			buildPhases = (
				C456700229CB6E5F00B49DF8 /* Sources */,
				C456700329CB6E5F00B49DF8 /* Frameworks */,
				C456700429CB6E5F00B49DF8 /* Resources */,
			);
			buildRules = (
			);
			dependencies = (
			);
			name = "Movies Viper";
			packageProductDependencies = (
				C456703529CB6F2500B49DF8 /* Kingfisher */,
			);
			productName = "Movies Viper";
			productReference = C456700629CB6E5F00B49DF8 /* Movies Viper.app */;
			productType = "com.apple.product-type.application";
		};
/* End PBXNativeTarget section */

/* Begin PBXProject section */
		C4566FFE29CB6E5F00B49DF8 /* Project object */ = {
			isa = PBXProject;
			attributes = {
				BuildIndependentTargetsInParallel = 1;
				LastSwiftUpdateCheck = 1420;
				LastUpgradeCheck = 1420;
				TargetAttributes = {
					C456700529CB6E5F00B49DF8 = {
						CreatedOnToolsVersion = 14.2;
					};
				};
			};
			buildConfigurationList = C456700129CB6E5F00B49DF8 /* Build configuration list for PBXProject "Movies Viper" */;
			compatibilityVersion = "Xcode 14.0";
			developmentRegion = en;
			hasScannedForEncodings = 0;
			knownRegions = (
				en,
				Base,
			);
			mainGroup = C4566FFD29CB6E5F00B49DF8;
			packageReferences = (
				C456703429CB6F2500B49DF8 /* XCRemoteSwiftPackageReference "Kingfisher" */,
			);
			productRefGroup = C456700729CB6E5F00B49DF8 /* Products */;
			projectDirPath = "";
			projectRoot = "";
			targets = (
				C456700529CB6E5F00B49DF8 /* Movies Viper */,
			);
		};
/* End PBXProject section */

/* Begin PBXResourcesBuildPhase section */
		C456700429CB6E5F00B49DF8 /* Resources */ = {
			isa = PBXResourcesBuildPhase;
			buildActionMask = 2147483647;
			files = (
				C456703829CB700E00B49DF8 /* .gitignore in Resources */,
				C456701629CB6E6000B49DF8 /* LaunchScreen.storyboard in Resources */,
				C456701329CB6E6000B49DF8 /* Assets.xcassets in Resources */,
				C456701E29CB6ECC00B49DF8 /* config.plist in Resources */,
			);
			runOnlyForDeploymentPostprocessing = 0;
		};
/* End PBXResourcesBuildPhase section */

/* Begin PBXSourcesBuildPhase section */
		C456700229CB6E5F00B49DF8 /* Sources */ = {
			isa = PBXSourcesBuildPhase;
			buildActionMask = 2147483647;
			files = (
				C456702F29CB6EE200B49DF8 /* ListOfMovieRouter.swift in Sources */,
				C456702C29CB6EE200B49DF8 /* ListOfMovieView.swift in Sources */,
				C456703329CB6EE200B49DF8 /* ListOfMoviePresenter.swift in Sources */,
				C456703229CB6EE200B49DF8 /* PopularMovieResponseEntity.swift in Sources */,
				C456703129CB6EE200B49DF8 /* PopularMovieEntity.swift in Sources */,
				C456703029CB6EE200B49DF8 /* ListOfMovieInteractor.swift in Sources */,
				C456700A29CB6E5F00B49DF8 /* AppDelegate.swift in Sources */,
				C456700C29CB6E5F00B49DF8 /* SceneDelegate.swift in Sources */,
				C456702D29CB6EE200B49DF8 /* MovieCellView.swift in Sources */,
				C456702E29CB6EE200B49DF8 /* ListOfMovieViewModelMapper.swift in Sources */,
				C456702B29CB6EE200B49DF8 /* ListOfMovieViewModel.swift in Sources */,
			);
			runOnlyForDeploymentPostprocessing = 0;
		};
/* End PBXSourcesBuildPhase section */

/* Begin PBXVariantGroup section */
		C456701429CB6E6000B49DF8 /* LaunchScreen.storyboard */ = {
			isa = PBXVariantGroup;
			children = (
				C456701529CB6E6000B49DF8 /* Base */,
			);
			name = LaunchScreen.storyboard;
			sourceTree = "<group>";
		};
/* End PBXVariantGroup section */

/* Begin XCBuildConfiguration section */
		C456701829CB6E6000B49DF8 /* Debug */ = {
			isa = XCBuildConfiguration;
			buildSettings = {
				ALWAYS_SEARCH_USER_PATHS = NO;
				CLANG_ANALYZER_NONNULL = YES;
				CLANG_ANALYZER_NUMBER_OBJECT_CONVERSION = YES_AGGRESSIVE;
				CLANG_CXX_LANGUAGE_STANDARD = "gnu++20";
				CLANG_ENABLE_MODULES = YES;
				CLANG_ENABLE_OBJC_ARC = YES;
				CLANG_ENABLE_OBJC_WEAK = YES;
				CLANG_WARN_BLOCK_CAPTURE_AUTORELEASING = YES;
				CLANG_WARN_BOOL_CONVERSION = YES;
				CLANG_WARN_COMMA = YES;
				CLANG_WARN_CONSTANT_CONVERSION = YES;
				CLANG_WARN_DEPRECATED_OBJC_IMPLEMENTATIONS = YES;
				CLANG_WARN_DIRECT_OBJC_ISA_USAGE = YES_ERROR;
				CLANG_WARN_DOCUMENTATION_COMMENTS = YES;
				CLANG_WARN_EMPTY_BODY = YES;
				CLANG_WARN_ENUM_CONVERSION = YES;
				CLANG_WARN_INFINITE_RECURSION = YES;
				CLANG_WARN_INT_CONVERSION = YES;
				CLANG_WARN_NON_LITERAL_NULL_CONVERSION = YES;
				CLANG_WARN_OBJC_IMPLICIT_RETAIN_SELF = YES;
				CLANG_WARN_OBJC_LITERAL_CONVERSION = YES;
				CLANG_WARN_OBJC_ROOT_CLASS = YES_ERROR;
				CLANG_WARN_QUOTED_INCLUDE_IN_FRAMEWORK_HEADER = YES;
				CLANG_WARN_RANGE_LOOP_ANALYSIS = YES;
				CLANG_WARN_STRICT_PROTOTYPES = YES;
				CLANG_WARN_SUSPICIOUS_MOVE = YES;
				CLANG_WARN_UNGUARDED_AVAILABILITY = YES_AGGRESSIVE;
				CLANG_WARN_UNREACHABLE_CODE = YES;
				CLANG_WARN__DUPLICATE_METHOD_MATCH = YES;
				COPY_PHASE_STRIP = NO;
				DEBUG_INFORMATION_FORMAT = dwarf;
				ENABLE_STRICT_OBJC_MSGSEND = YES;
				ENABLE_TESTABILITY = YES;
				GCC_C_LANGUAGE_STANDARD = gnu11;
				GCC_DYNAMIC_NO_PIC = NO;
				GCC_NO_COMMON_BLOCKS = YES;
				GCC_OPTIMIZATION_LEVEL = 0;
				GCC_PREPROCESSOR_DEFINITIONS = (
					"DEBUG=1",
					"$(inherited)",
				);
				GCC_WARN_64_TO_32_BIT_CONVERSION = YES;
				GCC_WARN_ABOUT_RETURN_TYPE = YES_ERROR;
				GCC_WARN_UNDECLARED_SELECTOR = YES;
				GCC_WARN_UNINITIALIZED_AUTOS = YES_AGGRESSIVE;
				GCC_WARN_UNUSED_FUNCTION = YES;
				GCC_WARN_UNUSED_VARIABLE = YES;
				IPHONEOS_DEPLOYMENT_TARGET = 16.2;
				MTL_ENABLE_DEBUG_INFO = INCLUDE_SOURCE;
				MTL_FAST_MATH = YES;
				ONLY_ACTIVE_ARCH = YES;
				SDKROOT = iphoneos;
				SWIFT_ACTIVE_COMPILATION_CONDITIONS = DEBUG;
				SWIFT_OPTIMIZATION_LEVEL = "-Onone";
			};
			name = Debug;
		};
		C456701929CB6E6000B49DF8 /* Release */ = {
			isa = XCBuildConfiguration;
			buildSettings = {
				ALWAYS_SEARCH_USER_PATHS = NO;
				CLANG_ANALYZER_NONNULL = YES;
				CLANG_ANALYZER_NUMBER_OBJECT_CONVERSION = YES_AGGRESSIVE;
				CLANG_CXX_LANGUAGE_STANDARD = "gnu++20";
				CLANG_ENABLE_MODULES = YES;
				CLANG_ENABLE_OBJC_ARC = YES;
				CLANG_ENABLE_OBJC_WEAK = YES;
				CLANG_WARN_BLOCK_CAPTURE_AUTORELEASING = YES;
				CLANG_WARN_BOOL_CONVERSION = YES;
				CLANG_WARN_COMMA = YES;
				CLANG_WARN_CONSTANT_CONVERSION = YES;
				CLANG_WARN_DEPRECATED_OBJC_IMPLEMENTATIONS = YES;
				CLANG_WARN_DIRECT_OBJC_ISA_USAGE = YES_ERROR;
				CLANG_WARN_DOCUMENTATION_COMMENTS = YES;
				CLANG_WARN_EMPTY_BODY = YES;
				CLANG_WARN_ENUM_CONVERSION = YES;
				CLANG_WARN_INFINITE_RECURSION = YES;
				CLANG_WARN_INT_CONVERSION = YES;
				CLANG_WARN_NON_LITERAL_NULL_CONVERSION = YES;
				CLANG_WARN_OBJC_IMPLICIT_RETAIN_SELF = YES;
				CLANG_WARN_OBJC_LITERAL_CONVERSION = YES;
				CLANG_WARN_OBJC_ROOT_CLASS = YES_ERROR;
				CLANG_WARN_QUOTED_INCLUDE_IN_FRAMEWORK_HEADER = YES;
				CLANG_WARN_RANGE_LOOP_ANALYSIS = YES;
				CLANG_WARN_STRICT_PROTOTYPES = YES;
				CLANG_WARN_SUSPICIOUS_MOVE = YES;
				CLANG_WARN_UNGUARDED_AVAILABILITY = YES_AGGRESSIVE;
				CLANG_WARN_UNREACHABLE_CODE = YES;
				CLANG_WARN__DUPLICATE_METHOD_MATCH = YES;
				COPY_PHASE_STRIP = NO;
				DEBUG_INFORMATION_FORMAT = "dwarf-with-dsym";
				ENABLE_NS_ASSERTIONS = NO;
				ENABLE_STRICT_OBJC_MSGSEND = YES;
				GCC_C_LANGUAGE_STANDARD = gnu11;
				GCC_NO_COMMON_BLOCKS = YES;
				GCC_WARN_64_TO_32_BIT_CONVERSION = YES;
				GCC_WARN_ABOUT_RETURN_TYPE = YES_ERROR;
				GCC_WARN_UNDECLARED_SELECTOR = YES;
				GCC_WARN_UNINITIALIZED_AUTOS = YES_AGGRESSIVE;
				GCC_WARN_UNUSED_FUNCTION = YES;
				GCC_WARN_UNUSED_VARIABLE = YES;
				IPHONEOS_DEPLOYMENT_TARGET = 16.2;
				MTL_ENABLE_DEBUG_INFO = NO;
				MTL_FAST_MATH = YES;
				SDKROOT = iphoneos;
				SWIFT_COMPILATION_MODE = wholemodule;
				SWIFT_OPTIMIZATION_LEVEL = "-O";
				VALIDATE_PRODUCT = YES;
			};
			name = Release;
		};
		C456701B29CB6E6000B49DF8 /* Debug */ = {
			isa = XCBuildConfiguration;
			buildSettings = {
				ASSETCATALOG_COMPILER_APPICON_NAME = AppIcon;
				ASSETCATALOG_COMPILER_GLOBAL_ACCENT_COLOR_NAME = AccentColor;
				CODE_SIGN_STYLE = Automatic;
				CURRENT_PROJECT_VERSION = 1;
				DEVELOPMENT_TEAM = R3AXTCLPKH;
				GENERATE_INFOPLIST_FILE = YES;
				INFOPLIST_FILE = "Movies Viper/Info.plist";
				INFOPLIST_KEY_UIApplicationSupportsIndirectInputEvents = YES;
				INFOPLIST_KEY_UILaunchStoryboardName = LaunchScreen;
				INFOPLIST_KEY_UISupportedInterfaceOrientations_iPad = "UIInterfaceOrientationPortrait UIInterfaceOrientationPortraitUpsideDown UIInterfaceOrientationLandscapeLeft UIInterfaceOrientationLandscapeRight";
				INFOPLIST_KEY_UISupportedInterfaceOrientations_iPhone = "UIInterfaceOrientationPortrait UIInterfaceOrientationLandscapeLeft UIInterfaceOrientationLandscapeRight";
				LD_RUNPATH_SEARCH_PATHS = (
					"$(inherited)",
					"@executable_path/Frameworks",
				);
				MARKETING_VERSION = 1.0;
				PRODUCT_BUNDLE_IDENTIFIER = "com.akelbarbosa.Movies-Viper";
				PRODUCT_NAME = "$(TARGET_NAME)";
				SWIFT_EMIT_LOC_STRINGS = YES;
				SWIFT_VERSION = 5.0;
				TARGETED_DEVICE_FAMILY = "1,2";
			};
			name = Debug;
		};
		C456701C29CB6E6000B49DF8 /* Release */ = {
			isa = XCBuildConfiguration;
			buildSettings = {
				ASSETCATALOG_COMPILER_APPICON_NAME = AppIcon;
				ASSETCATALOG_COMPILER_GLOBAL_ACCENT_COLOR_NAME = AccentColor;
				CODE_SIGN_STYLE = Automatic;
				CURRENT_PROJECT_VERSION = 1;
				DEVELOPMENT_TEAM = R3AXTCLPKH;
				GENERATE_INFOPLIST_FILE = YES;
				INFOPLIST_FILE = "Movies Viper/Info.plist";
				INFOPLIST_KEY_UIApplicationSupportsIndirectInputEvents = YES;
				INFOPLIST_KEY_UILaunchStoryboardName = LaunchScreen;
				INFOPLIST_KEY_UISupportedInterfaceOrientations_iPad = "UIInterfaceOrientationPortrait UIInterfaceOrientationPortraitUpsideDown UIInterfaceOrientationLandscapeLeft UIInterfaceOrientationLandscapeRight";
				INFOPLIST_KEY_UISupportedInterfaceOrientations_iPhone = "UIInterfaceOrientationPortrait UIInterfaceOrientationLandscapeLeft UIInterfaceOrientationLandscapeRight";
				LD_RUNPATH_SEARCH_PATHS = (
					"$(inherited)",
					"@executable_path/Frameworks",
				);
				MARKETING_VERSION = 1.0;
				PRODUCT_BUNDLE_IDENTIFIER = "com.akelbarbosa.Movies-Viper";
				PRODUCT_NAME = "$(TARGET_NAME)";
				SWIFT_EMIT_LOC_STRINGS = YES;
				SWIFT_VERSION = 5.0;
				TARGETED_DEVICE_FAMILY = "1,2";
			};
			name = Release;
		};
/* End XCBuildConfiguration section */

/* Begin XCConfigurationList section */
		C456700129CB6E5F00B49DF8 /* Build configuration list for PBXProject "Movies Viper" */ = {
			isa = XCConfigurationList;
			buildConfigurations = (
				C456701829CB6E6000B49DF8 /* Debug */,
				C456701929CB6E6000B49DF8 /* Release */,
			);
			defaultConfigurationIsVisible = 0;
			defaultConfigurationName = Release;
		};
		C456701A29CB6E6000B49DF8 /* Build configuration list for PBXNativeTarget "Movies Viper" */ = {
			isa = XCConfigurationList;
			buildConfigurations = (
				C456701B29CB6E6000B49DF8 /* Debug */,
				C456701C29CB6E6000B49DF8 /* Release */,
			);
			defaultConfigurationIsVisible = 0;
			defaultConfigurationName = Release;
		};
/* End XCConfigurationList section */

/* Begin XCRemoteSwiftPackageReference section */
		C456703429CB6F2500B49DF8 /* XCRemoteSwiftPackageReference "Kingfisher" */ = {
			isa = XCRemoteSwiftPackageReference;
			repositoryURL = "https://github.com/onevcat/Kingfisher.git";
			requirement = {
				branch = master;
				kind = branch;
			};
		};
/* End XCRemoteSwiftPackageReference section */

/* Begin XCSwiftPackageProductDependency section */
		C456703529CB6F2500B49DF8 /* Kingfisher */ = {
			isa = XCSwiftPackageProductDependency;
			package = C456703429CB6F2500B49DF8 /* XCRemoteSwiftPackageReference "Kingfisher" */;
			productName = Kingfisher;
		};
/* End XCSwiftPackageProductDependency section */
	};
	rootObject = C4566FFE29CB6E5F00B49DF8 /* Project object */;
}
